<Solution>
  <Project Path="src/AddIn.Shared/AddIn.Shared.csproj" Id="93fd4ae3-80df-4575-bd3e-1386ec7f19c0" />
  <Project Path="src/AddIn.V20/AddIn.V20.csproj" />
  <Project Path="src/AddIn.V21/AddIn.V21.csproj" Id="2df26466-bf86-49f0-9739-22f866dbaeaa" />
  <Project Path="src/Core/Core.csproj" Id="79efcd26-b240-41de-95b8-4a553c1e2358" />
  <Project Path="src/S7PlcWebserverApi/S7PlcWebserverApi.csproj" Id="d3cdd670-337c-4678-8c35-54dc8d04ca02" />
  <Project Path="src/Satellite.About/Satellite.About.csproj" Id="b79d7afe-f267-4aa1-a347-b6d1494acd06" />
  <Project Path="src/Satellite.DataBlockSnapshot/Satellite.DataBlockSnapshot.csproj" Id="49aadeee-f757-4f43-b2b0-4326fdcffe22" />
  <Project Path="src/UI.Shared/UI.Shared.csproj" Id="7dc1d8ba-91fc-4080-834a-e54bfc1030df" />
</Solution>
